
Microsoft Visual Studio Solution File, Format Version 11.00
# Visual Studio 2010
Project("{FAE04EC0-301F-11D3-BF4B-00C04F79EFBC}") = "SMSSendingSystem.World", "SMSSendingSystem.World\SMSSendingSystem.World.csproj", "{41289FC7-5F7E-4B04-A04C-85A30338C7A2}"
EndProject
Global
	GlobalSection(TeamFoundationVersionControl) = preSolution
		SccNumberOfProjects = 2
		SccEnterpriseProvider = {4CA58AB2-18FA-4F8D-95D4-32DDF27D184C}
		SccTeamFoundationServer = http://10.1.1.204:8080/tfs/tfs2008
		SccLocalPath0 = .
		SccProjectUniqueName1 = SMSSendingSystem.World\\SMSSendingSystem.World.csproj
		SccProjectName1 = SMSSendingSystem.World
		SccLocalPath1 = SMSSendingSystem.World
	EndGlobalSection
	GlobalSection(SolutionConfigurationPlatforms) = preSolution
		Debug|Any CPU = Debug|Any CPU
		Release|Any CPU = Release|Any CPU
	EndGlobalSection
	GlobalSection(ProjectConfigurationPlatforms) = postSolution
		{41289FC7-5F7E-4B04-A04C-85A30338C7A2}.Debug|Any CPU.ActiveCfg = Debug|Any CPU
		{41289FC7-5F7E-4B04-A04C-85A30338C7A2}.Debug|Any CPU.Build.0 = Debug|Any CPU
		{41289FC7-5F7E-4B04-A04C-85A30338C7A2}.Release|Any CPU.ActiveCfg = Release|Any CPU
		{41289FC7-5F7E-4B04-A04C-85A30338C7A2}.Release|Any CPU.Build.0 = Release|Any CPU
	EndGlobalSection
	GlobalSection(SolutionProperties) = preSolution
		HideSolutionNode = FALSE
	EndGlobalSection
EndGlobal
